
Microsoft Visual Studio Solution File, Format Version 12.00
# Visual Studio Version 16
VisualStudioVersion = 16.0.31424.327
MinimumVisualStudioVersion = 10.0.40219.1
Project("{FAE04EC0-301F-11D3-BF4B-00C04F79EFBC}") = "Jenkinsproj", "Jenkinsproj\Jenkinsproj.csproj", "{6A6715B7-AD10-40B5-9A5C-0297AB3A925C}"
EndProject
Global
	GlobalSection(SolutionConfigurationPlatforms) = preSolution
		Debug|Any CPU = Debug|Any CPU
		Release|Any CPU = Release|Any CPU
	EndGlobalSection
	GlobalSection(ProjectConfigurationPlatforms) = postSolution
		{6A6715B7-AD10-40B5-9A5C-0297AB3A925C}.Debug|Any CPU.ActiveCfg = Debug|Any CPU
		{6A6715B7-AD10-40B5-9A5C-0297AB3A925C}.Debug|Any CPU.Build.0 = Debug|Any CPU
		{6A6715B7-AD10-40B5-9A5C-0297AB3A925C}.Release|Any CPU.ActiveCfg = Release|Any CPU
		{6A6715B7-AD10-40B5-9A5C-0297AB3A925C}.Release|Any CPU.Build.0 = Release|Any CPU
	EndGlobalSection
	GlobalSection(SolutionProperties) = preSolution
		HideSolutionNode = FALSE
	EndGlobalSection
	GlobalSection(ExtensibilityGlobals) = postSolution
		SolutionGuid = {435BC2AE-D559-42C1-968A-DC42822F9B36}
	EndGlobalSection
EndGlobal
